
Microsoft Visual Studio Solution File, Format Version 12.00
# Visual Studio Version 17
VisualStudioVersion = 17.8.34309.116
MinimumVisualStudioVersion = 10.0.40219.1
Project("{2150E333-8FDC-42A3-9474-1A3956D46DE8}") = "Core", "Core", "{979E396B-A60E-40BC-A18A-C184E0395C7F}"
EndProject
Project("{2150E333-8FDC-42A3-9474-1A3956D46DE8}") = "Services", "Services", "{E1AEE7B5-663D-42E7-9625-AE31BB835887}"
EndProject
Project("{2150E333-8FDC-42A3-9474-1A3956D46DE8}") = "UI", "UI", "{320C90D4-60B2-4582-9E72-1DA4D2777371}"
EndProject
Project("{9A19103F-16F7-4668-BE54-9A1E7A4F7556}") = "Model", "src\Core\Model\Model.csproj", "{6FD82019-A6CF-4051-A55C-78B531A6C4AC}"
EndProject
Project("{9A19103F-16F7-4668-BE54-9A1E7A4F7556}") = "Repository", "src\Core\Repository\Repository.csproj", "{918F6E7B-A012-471B-9361-96CE7C839EDA}"
EndProject
Project("{9A19103F-16F7-4668-BE54-9A1E7A4F7556}") = "Base", "src\Core\Base\Base.csproj", "{3A7660F2-DD28-4B65-830C-7CD6F2A8EEBD}"
EndProject
Project("{9A19103F-16F7-4668-BE54-9A1E7A4F7556}") = "Identity", "src\Services\Identity\Identity.csproj", "{443AF59D-214E-4674-8F72-741752912B86}"
EndProject
Project("{2150E333-8FDC-42A3-9474-1A3956D46DE8}") = "Template", "Template", "{70B97934-CDC7-4144-A2C4-EBE87C3F739F}"
EndProject
Project("{2150E333-8FDC-42A3-9474-1A3956D46DE8}") = "Service", "Service", "{15CF80AE-8525-45CC-B6D7-CEA4D5629D4D}"
EndProject
Project("{9A19103F-16F7-4668-BE54-9A1E7A4F7556}") = "Template", "src\Template\Service\Template\Template.csproj", "{4C75005F-61B1-4716-BA0F-2D443DED63F1}"
EndProject
Project("{9A19103F-16F7-4668-BE54-9A1E7A4F7556}") = "TemplateTest", "src\Template\Service\TemplateTest\TemplateTest.csproj", "{8553AA40-E8B2-4244-86E4-6BD8D9CC8129}"
EndProject
Project("{FAE04EC0-301F-11D3-BF4B-00C04F79EFBC}") = "IBGE", "src\Services\IBGE\IBGE\IBGE.csproj", "{E2E61E0C-A3A8-44F0-8A67-0206CE40A485}"
EndProject
Project("{FAE04EC0-301F-11D3-BF4B-00C04F79EFBC}") = "IBGETest", "src\Services\IBGE\IBGETest\IBGETest.csproj", "{4BFAEB99-0B96-4002-BFD9-2A0CB4C7523F}"
EndProject
Global
	GlobalSection(SolutionConfigurationPlatforms) = preSolution
		Debug|Any CPU = Debug|Any CPU
		Release|Any CPU = Release|Any CPU
	EndGlobalSection
	GlobalSection(ProjectConfigurationPlatforms) = postSolution
		{6FD82019-A6CF-4051-A55C-78B531A6C4AC}.Debug|Any CPU.ActiveCfg = Debug|Any CPU
		{6FD82019-A6CF-4051-A55C-78B531A6C4AC}.Debug|Any CPU.Build.0 = Debug|Any CPU
		{6FD82019-A6CF-4051-A55C-78B531A6C4AC}.Release|Any CPU.ActiveCfg = Release|Any CPU
		{6FD82019-A6CF-4051-A55C-78B531A6C4AC}.Release|Any CPU.Build.0 = Release|Any CPU
		{918F6E7B-A012-471B-9361-96CE7C839EDA}.Debug|Any CPU.ActiveCfg = Debug|Any CPU
		{918F6E7B-A012-471B-9361-96CE7C839EDA}.Debug|Any CPU.Build.0 = Debug|Any CPU
		{918F6E7B-A012-471B-9361-96CE7C839EDA}.Release|Any CPU.ActiveCfg = Release|Any CPU
		{918F6E7B-A012-471B-9361-96CE7C839EDA}.Release|Any CPU.Build.0 = Release|Any CPU
		{3A7660F2-DD28-4B65-830C-7CD6F2A8EEBD}.Debug|Any CPU.ActiveCfg = Debug|Any CPU
		{3A7660F2-DD28-4B65-830C-7CD6F2A8EEBD}.Debug|Any CPU.Build.0 = Debug|Any CPU
		{3A7660F2-DD28-4B65-830C-7CD6F2A8EEBD}.Release|Any CPU.ActiveCfg = Release|Any CPU
		{3A7660F2-DD28-4B65-830C-7CD6F2A8EEBD}.Release|Any CPU.Build.0 = Release|Any CPU
		{443AF59D-214E-4674-8F72-741752912B86}.Debug|Any CPU.ActiveCfg = Debug|Any CPU
		{443AF59D-214E-4674-8F72-741752912B86}.Debug|Any CPU.Build.0 = Debug|Any CPU
		{443AF59D-214E-4674-8F72-741752912B86}.Release|Any CPU.ActiveCfg = Release|Any CPU
		{443AF59D-214E-4674-8F72-741752912B86}.Release|Any CPU.Build.0 = Release|Any CPU
		{4C75005F-61B1-4716-BA0F-2D443DED63F1}.Debug|Any CPU.ActiveCfg = Debug|Any CPU
		{4C75005F-61B1-4716-BA0F-2D443DED63F1}.Debug|Any CPU.Build.0 = Debug|Any CPU
		{4C75005F-61B1-4716-BA0F-2D443DED63F1}.Release|Any CPU.ActiveCfg = Release|Any CPU
		{4C75005F-61B1-4716-BA0F-2D443DED63F1}.Release|Any CPU.Build.0 = Release|Any CPU
		{8553AA40-E8B2-4244-86E4-6BD8D9CC8129}.Debug|Any CPU.ActiveCfg = Debug|Any CPU
		{8553AA40-E8B2-4244-86E4-6BD8D9CC8129}.Debug|Any CPU.Build.0 = Debug|Any CPU
		{8553AA40-E8B2-4244-86E4-6BD8D9CC8129}.Release|Any CPU.ActiveCfg = Release|Any CPU
		{8553AA40-E8B2-4244-86E4-6BD8D9CC8129}.Release|Any CPU.Build.0 = Release|Any CPU
		{E2E61E0C-A3A8-44F0-8A67-0206CE40A485}.Debug|Any CPU.ActiveCfg = Debug|Any CPU
		{E2E61E0C-A3A8-44F0-8A67-0206CE40A485}.Debug|Any CPU.Build.0 = Debug|Any CPU
		{E2E61E0C-A3A8-44F0-8A67-0206CE40A485}.Release|Any CPU.ActiveCfg = Release|Any CPU
		{E2E61E0C-A3A8-44F0-8A67-0206CE40A485}.Release|Any CPU.Build.0 = Release|Any CPU
		{4BFAEB99-0B96-4002-BFD9-2A0CB4C7523F}.Debug|Any CPU.ActiveCfg = Debug|Any CPU
		{4BFAEB99-0B96-4002-BFD9-2A0CB4C7523F}.Debug|Any CPU.Build.0 = Debug|Any CPU
		{4BFAEB99-0B96-4002-BFD9-2A0CB4C7523F}.Release|Any CPU.ActiveCfg = Release|Any CPU
		{4BFAEB99-0B96-4002-BFD9-2A0CB4C7523F}.Release|Any CPU.Build.0 = Release|Any CPU
	EndGlobalSection
	GlobalSection(SolutionProperties) = preSolution
		HideSolutionNode = FALSE
	EndGlobalSection
	GlobalSection(NestedProjects) = preSolution
		{6FD82019-A6CF-4051-A55C-78B531A6C4AC} = {979E396B-A60E-40BC-A18A-C184E0395C7F}
		{918F6E7B-A012-471B-9361-96CE7C839EDA} = {979E396B-A60E-40BC-A18A-C184E0395C7F}
		{3A7660F2-DD28-4B65-830C-7CD6F2A8EEBD} = {979E396B-A60E-40BC-A18A-C184E0395C7F}
		{443AF59D-214E-4674-8F72-741752912B86} = {E1AEE7B5-663D-42E7-9625-AE31BB835887}
		{15CF80AE-8525-45CC-B6D7-CEA4D5629D4D} = {70B97934-CDC7-4144-A2C4-EBE87C3F739F}
		{4C75005F-61B1-4716-BA0F-2D443DED63F1} = {15CF80AE-8525-45CC-B6D7-CEA4D5629D4D}
		{8553AA40-E8B2-4244-86E4-6BD8D9CC8129} = {15CF80AE-8525-45CC-B6D7-CEA4D5629D4D}
		{E2E61E0C-A3A8-44F0-8A67-0206CE40A485} = {E1AEE7B5-663D-42E7-9625-AE31BB835887}
		{4BFAEB99-0B96-4002-BFD9-2A0CB4C7523F} = {E1AEE7B5-663D-42E7-9625-AE31BB835887}
	EndGlobalSection
	GlobalSection(ExtensibilityGlobals) = postSolution
		SolutionGuid = {F9B5CA31-B7E0-4BEE-8A52-6614E50B0DF0}
	EndGlobalSection
EndGlobal
